// !$*UTF8*$!
{
	archiveVersion = 1;
	classes = {
	};
	objectVersion = 50;
	objects = {

/* Begin PBXBuildFile section */
		C15989B823EC2C4D00C7F44B /* AppDelegate.swift in Sources */ = {isa = PBXBuildFile; fileRef = C15989B723EC2C4D00C7F44B /* AppDelegate.swift */; };
		C15989BA23EC2C4D00C7F44B /* SceneDelegate.swift in Sources */ = {isa = PBXBuildFile; fileRef = C15989B923EC2C4D00C7F44B /* SceneDelegate.swift */; };
		C15989BC23EC2C4D00C7F44B /* ContentView.swift in Sources */ = {isa = PBXBuildFile; fileRef = C15989BB23EC2C4D00C7F44B /* ContentView.swift */; };
		C15989BE23EC2C5000C7F44B /* Assets.xcassets in Resources */ = {isa = PBXBuildFile; fileRef = C15989BD23EC2C5000C7F44B /* Assets.xcassets */; };
		C15989C123EC2C5000C7F44B /* Preview Assets.xcassets in Resources */ = {isa = PBXBuildFile; fileRef = C15989C023EC2C5000C7F44B /* Preview Assets.xcassets */; };
		C15989C423EC2C5000C7F44B /* LaunchScreen.storyboard in Resources */ = {isa = PBXBuildFile; fileRef = C15989C223EC2C5000C7F44B /* LaunchScreen.storyboard */; };
/* End PBXBuildFile section */

/* Begin PBXFileReference section */
		C15989B423EC2C4D00C7F44B /* Zonezero.app */ = {isa = PBXFileReference; explicitFileType = wrapper.application; includeInIndex = 0; path = Zonezero.app; sourceTree = BUILT_PRODUCTS_DIR; };
		C15989B723EC2C4D00C7F44B /* AppDelegate.swift */ = {isa = PBXFileReference; lastKnownFileType = sourcecode.swift; path = AppDelegate.swift; sourceTree = "<group>"; };
		C15989B923EC2C4D00C7F44B /* SceneDelegate.swift */ = {isa = PBXFileReference; lastKnownFileType = sourcecode.swift; path = SceneDelegate.swift; sourceTree = "<group>"; };
		C15989BB23EC2C4D00C7F44B /* ContentView.swift */ = {isa = PBXFileReference; lastKnownFileType = sourcecode.swift; path = ContentView.swift; sourceTree = "<group>"; };
		C15989BD23EC2C5000C7F44B /* Assets.xcassets */ = {isa = PBXFileReference; lastKnownFileType = folder.assetcatalog; path = Assets.xcassets; sourceTree = "<group>"; };
		C15989C023EC2C5000C7F44B /* Preview Assets.xcassets */ = {isa = PBXFileReference; lastKnownFileType = folder.assetcatalog; path = "Preview Assets.xcassets"; sourceTree = "<group>"; };
		C15989C323EC2C5000C7F44B /* Base */ = {isa = PBXFileReference; lastKnownFileType = file.storyboard; name = Base; path = Base.lproj/LaunchScreen.storyboard; sourceTree = "<group>"; };
		C15989C523EC2C5000C7F44B /* Info.plist */ = {isa = PBXFileReference; lastKnownFileType = text.plist.xml; path = Info.plist; sourceTree = "<group>"; };
/* End PBXFileReference section */

/* Begin PBXFrameworksBuildPhase section */
		C15989B123EC2C4D00C7F44B /* Frameworks */ = {
			isa = PBXFrameworksBuildPhase;
			buildActionMask = 2147483647;
			files = (
			);
			runOnlyForDeploymentPostprocessing = 0;
		};
/* End PBXFrameworksBuildPhase section */

/* Begin PBXGroup section */
		C15989AB23EC2C4D00C7F44B = {
			isa = PBXGroup;
			children = (
				C15989B623EC2C4D00C7F44B /* Zonezero */,
				C15989B523EC2C4D00C7F44B /* Products */,
			);
			sourceTree = "<group>";
		};
		C15989B523EC2C4D00C7F44B /* Products */ = {
			isa = PBXGroup;
			children = (
				C15989B423EC2C4D00C7F44B /* Zonezero.app */,
			);
			name = Products;
			sourceTree = "<group>";
		};
		C15989B623EC2C4D00C7F44B /* Zonezero */ = {
			isa = PBXGroup;
			children = (
				C15989B723EC2C4D00C7F44B /* AppDelegate.swift */,
				C15989B923EC2C4D00C7F44B /* SceneDelegate.swift */,
				C15989BB23EC2C4D00C7F44B /* ContentView.swift */,
				C15989BD23EC2C5000C7F44B /* Assets.xcassets */,
				C15989C223EC2C5000C7F44B /* LaunchScreen.storyboard */,
				C15989C523EC2C5000C7F44B /* Info.plist */,
				C15989BF23EC2C5000C7F44B /* Preview Content */,
			);
			path = Zonezero;
			sourceTree = "<group>";
		};
		C15989BF23EC2C5000C7F44B /* Preview Content */ = {
			isa = PBXGroup;
			children = (
				C15989C023EC2C5000C7F44B /* Preview Assets.xcassets */,
			);
			path = "Preview Content";
			sourceTree = "<group>";
		};
/* End PBXGroup section */

/* Begin PBXNativeTarget section */
		C15989B323EC2C4D00C7F44B /* Zonezero */ = {
			isa = PBXNativeTarget;
			buildConfigurationList = C15989C823EC2C5000C7F44B /* Build configuration list for PBXNativeTarget "Zonezero" */;
			buildPhases = (
				C15989B023EC2C4D00C7F44B /* Sources */,
				C15989B123EC2C4D00C7F44B /* Frameworks */,
				C15989B223EC2C4D00C7F44B /* Resources */,
			);
			buildRules = (
			);
			dependencies = (
			);
			name = Zonezero;
			productName = Zonezero;
			productReference = C15989B423EC2C4D00C7F44B /* Zonezero.app */;
			productType = "com.apple.product-type.application";
		};
/* End PBXNativeTarget section */

/* Begin PBXProject section */
		C15989AC23EC2C4D00C7F44B /* Project object */ = {
			isa = PBXProject;
			attributes = {
				LastSwiftUpdateCheck = 1120;
				LastUpgradeCheck = 1120;
				ORGANIZATIONNAME = "yakup caglan";
				TargetAttributes = {
					C15989B323EC2C4D00C7F44B = {
						CreatedOnToolsVersion = 11.2.1;
					};
				};
			};
			buildConfigurationList = C15989AF23EC2C4D00C7F44B /* Build configuration list for PBXProject "Zonezero" */;
			compatibilityVersion = "Xcode 9.3";
			developmentRegion = en;
			hasScannedForEncodings = 0;
			knownRegions = (
				en,
				Base,
			);
			mainGroup = C15989AB23EC2C4D00C7F44B;
			productRefGroup = C15989B523EC2C4D00C7F44B /* Products */;
			projectDirPath = "";
			projectRoot = "";
			targets = (
				C15989B323EC2C4D00C7F44B /* Zonezero */,
			);
		};
/* End PBXProject section */

/* Begin PBXResourcesBuildPhase section */
		C15989B223EC2C4D00C7F44B /* Resources */ = {
			isa = PBXResourcesBuildPhase;
			buildActionMask = 2147483647;
			files = (
				C15989C423EC2C5000C7F44B /* LaunchScreen.storyboard in Resources */,
				C15989C123EC2C5000C7F44B /* Preview Assets.xcassets in Resources */,
				C15989BE23EC2C5000C7F44B /* Assets.xcassets in Resources */,
			);
			runOnlyForDeploymentPostprocessing = 0;
		};
/* End PBXResourcesBuildPhase section */

/* Begin PBXSourcesBuildPhase section */
		C15989B023EC2C4D00C7F44B /* Sources */ = {
			isa = PBXSourcesBuildPhase;
			buildActionMask = 2147483647;
			files = (
				C15989B823EC2C4D00C7F44B /* AppDelegate.swift in Sources */,
				C15989BA23EC2C4D00C7F44B /* SceneDelegate.swift in Sources */,
				C15989BC23EC2C4D00C7F44B /* ContentView.swift in Sources */,
			);
			runOnlyForDeploymentPostprocessing = 0;
		};
/* End PBXSourcesBuildPhase section */

/* Begin PBXVariantGroup section */
		C15989C223EC2C5000C7F44B /* LaunchScreen.storyboard */ = {
			isa = PBXVariantGroup;
			children = (
				C15989C323EC2C5000C7F44B /* Base */,
			);
			name = LaunchScreen.storyboard;
			sourceTree = "<group>";
		};
/* End PBXVariantGroup section */

/* Begin XCBuildConfiguration section */
		C15989C623EC2C5000C7F44B /* Debug */ = {
			isa = XCBuildConfiguration;
			buildSettings = {
				ALWAYS_SEARCH_USER_PATHS = NO;
				CLANG_ANALYZER_NONNULL = YES;
				CLANG_ANALYZER_NUMBER_OBJECT_CONVERSION = YES_AGGRESSIVE;
				CLANG_CXX_LANGUAGE_STANDARD = "gnu++14";
				CLANG_CXX_LIBRARY = "libc++";
				CLANG_ENABLE_MODULES = YES;
				CLANG_ENABLE_OBJC_ARC = YES;
				CLANG_ENABLE_OBJC_WEAK = YES;
				CLANG_WARN_BLOCK_CAPTURE_AUTORELEASING = YES;
				CLANG_WARN_BOOL_CONVERSION = YES;
				CLANG_WARN_COMMA = YES;
				CLANG_WARN_CONSTANT_CONVERSION = YES;
				CLANG_WARN_DEPRECATED_OBJC_IMPLEMENTATIONS = YES;
				CLANG_WARN_DIRECT_OBJC_ISA_USAGE = YES_ERROR;
				CLANG_WARN_DOCUMENTATION_COMMENTS = YES;
				CLANG_WARN_EMPTY_BODY = YES;
				CLANG_WARN_ENUM_CONVERSION = YES;
				CLANG_WARN_INFINITE_RECURSION = YES;
				CLANG_WARN_INT_CONVERSION = YES;
				CLANG_WARN_NON_LITERAL_NULL_CONVERSION = YES;
				CLANG_WARN_OBJC_IMPLICIT_RETAIN_SELF = YES;
				CLANG_WARN_OBJC_LITERAL_CONVERSION = YES;
				CLANG_WARN_OBJC_ROOT_CLASS = YES_ERROR;
				CLANG_WARN_RANGE_LOOP_ANALYSIS = YES;
				CLANG_WARN_STRICT_PROTOTYPES = YES;
				CLANG_WARN_SUSPICIOUS_MOVE = YES;
				CLANG_WARN_UNGUARDED_AVAILABILITY = YES_AGGRESSIVE;
				CLANG_WARN_UNREACHABLE_CODE = YES;
				CLANG_WARN__DUPLICATE_METHOD_MATCH = YES;
				COPY_PHASE_STRIP = NO;
				DEBUG_INFORMATION_FORMAT = dwarf;
				ENABLE_STRICT_OBJC_MSGSEND = YES;
				ENABLE_TESTABILITY = YES;
				GCC_C_LANGUAGE_STANDARD = gnu11;
				GCC_DYNAMIC_NO_PIC = NO;
				GCC_NO_COMMON_BLOCKS = YES;
				GCC_OPTIMIZATION_LEVEL = 0;
				GCC_PREPROCESSOR_DEFINITIONS = (
					"DEBUG=1",
					"$(inherited)",
				);
				GCC_WARN_64_TO_32_BIT_CONVERSION = YES;
				GCC_WARN_ABOUT_RETURN_TYPE = YES_ERROR;
				GCC_WARN_UNDECLARED_SELECTOR = YES;
				GCC_WARN_UNINITIALIZED_AUTOS = YES_AGGRESSIVE;
				GCC_WARN_UNUSED_FUNCTION = YES;
				GCC_WARN_UNUSED_VARIABLE = YES;
				IPHONEOS_DEPLOYMENT_TARGET = 13.2;
				MTL_ENABLE_DEBUG_INFO = INCLUDE_SOURCE;
				MTL_FAST_MATH = YES;
				ONLY_ACTIVE_ARCH = YES;
				SDKROOT = iphoneos;
				SWIFT_ACTIVE_COMPILATION_CONDITIONS = DEBUG;
				SWIFT_OPTIMIZATION_LEVEL = "-Onone";
			};
			name = Debug;
		};
		C15989C723EC2C5000C7F44B /* Release */ = {
			isa = XCBuildConfiguration;
			buildSettings = {
				ALWAYS_SEARCH_USER_PATHS = NO;
				CLANG_ANALYZER_NONNULL = YES;
				CLANG_ANALYZER_NUMBER_OBJECT_CONVERSION = YES_AGGRESSIVE;
				CLANG_CXX_LANGUAGE_STANDARD = "gnu++14";
				CLANG_CXX_LIBRARY = "libc++";
				CLANG_ENABLE_MODULES = YES;
				CLANG_ENABLE_OBJC_ARC = YES;
				CLANG_ENABLE_OBJC_WEAK = YES;
				CLANG_WARN_BLOCK_CAPTURE_AUTORELEASING = YES;
				CLANG_WARN_BOOL_CONVERSION = YES;
				CLANG_WARN_COMMA = YES;
				CLANG_WARN_CONSTANT_CONVERSION = YES;
				CLANG_WARN_DEPRECATED_OBJC_IMPLEMENTATIONS = YES;
				CLANG_WARN_DIRECT_OBJC_ISA_USAGE = YES_ERROR;
				CLANG_WARN_DOCUMENTATION_COMMENTS = YES;
				CLANG_WARN_EMPTY_BODY = YES;
				CLANG_WARN_ENUM_CONVERSION = YES;
				CLANG_WARN_INFINITE_RECURSION = YES;
				CLANG_WARN_INT_CONVERSION = YES;
				CLANG_WARN_NON_LITERAL_NULL_CONVERSION = YES;
				CLANG_WARN_OBJC_IMPLICIT_RETAIN_SELF = YES;
				CLANG_WARN_OBJC_LITERAL_CONVERSION = YES;
				CLANG_WARN_OBJC_ROOT_CLASS = YES_ERROR;
				CLANG_WARN_RANGE_LOOP_ANALYSIS = YES;
				CLANG_WARN_STRICT_PROTOTYPES = YES;
				CLANG_WARN_SUSPICIOUS_MOVE = YES;
				CLANG_WARN_UNGUARDED_AVAILABILITY = YES_AGGRESSIVE;
				CLANG_WARN_UNREACHABLE_CODE = YES;
				CLANG_WARN__DUPLICATE_METHOD_MATCH = YES;
				COPY_PHASE_STRIP = NO;
				DEBUG_INFORMATION_FORMAT = "dwarf-with-dsym";
				ENABLE_NS_ASSERTIONS = NO;
				ENABLE_STRICT_OBJC_MSGSEND = YES;
				GCC_C_LANGUAGE_STANDARD = gnu11;
				GCC_NO_COMMON_BLOCKS = YES;
				GCC_WARN_64_TO_32_BIT_CONVERSION = YES;
				GCC_WARN_ABOUT_RETURN_TYPE = YES_ERROR;
				GCC_WARN_UNDECLARED_SELECTOR = YES;
				GCC_WARN_UNINITIALIZED_AUTOS = YES_AGGRESSIVE;
				GCC_WARN_UNUSED_FUNCTION = YES;
				GCC_WARN_UNUSED_VARIABLE = YES;
				IPHONEOS_DEPLOYMENT_TARGET = 13.2;
				MTL_ENABLE_DEBUG_INFO = NO;
				MTL_FAST_MATH = YES;
				SDKROOT = iphoneos;
				SWIFT_COMPILATION_MODE = wholemodule;
				SWIFT_OPTIMIZATION_LEVEL = "-O";
				VALIDATE_PRODUCT = YES;
			};
			name = Release;
		};
		C15989C923EC2C5000C7F44B /* Debug */ = {
			isa = XCBuildConfiguration;
			buildSettings = {
				ASSETCATALOG_COMPILER_APPICON_NAME = AppIcon;
				CODE_SIGN_STYLE = Automatic;
				DEVELOPMENT_ASSET_PATHS = "\"Zonezero/Preview Content\"";
				DEVELOPMENT_TEAM = 34BZ8GKDYX;
				ENABLE_PREVIEWS = YES;
				INFOPLIST_FILE = Zonezero/Info.plist;
				LD_RUNPATH_SEARCH_PATHS = (
					"$(inherited)",
					"@executable_path/Frameworks",
				);
				PRODUCT_BUNDLE_IDENTIFIER = com.yakupcaglan.Zonezero;
				PRODUCT_NAME = "$(TARGET_NAME)";
				SWIFT_VERSION = 5.0;
				TARGETED_DEVICE_FAMILY = "1,2";
			};
			name = Debug;
		};
		C15989CA23EC2C5000C7F44B /* Release */ = {
			isa = XCBuildConfiguration;
			buildSettings = {
				ASSETCATALOG_COMPILER_APPICON_NAME = AppIcon;
				CODE_SIGN_STYLE = Automatic;
				DEVELOPMENT_ASSET_PATHS = "\"Zonezero/Preview Content\"";
				DEVELOPMENT_TEAM = 34BZ8GKDYX;
				ENABLE_PREVIEWS = YES;
				INFOPLIST_FILE = Zonezero/Info.plist;
				LD_RUNPATH_SEARCH_PATHS = (
					"$(inherited)",
					"@executable_path/Frameworks",
				);
				PRODUCT_BUNDLE_IDENTIFIER = com.yakupcaglan.Zonezero;
				PRODUCT_NAME = "$(TARGET_NAME)";
				SWIFT_VERSION = 5.0;
				TARGETED_DEVICE_FAMILY = "1,2";
			};
			name = Release;
		};
/* End XCBuildConfiguration section */

/* Begin XCConfigurationList section */
		C15989AF23EC2C4D00C7F44B /* Build configuration list for PBXProject "Zonezero" */ = {
			isa = XCConfigurationList;
			buildConfigurations = (
				C15989C623EC2C5000C7F44B /* Debug */,
				C15989C723EC2C5000C7F44B /* Release */,
			);
			defaultConfigurationIsVisible = 0;
			defaultConfigurationName = Release;
		};
		C15989C823EC2C5000C7F44B /* Build configuration list for PBXNativeTarget "Zonezero" */ = {
			isa = XCConfigurationList;
			buildConfigurations = (
				C15989C923EC2C5000C7F44B /* Debug */,
				C15989CA23EC2C5000C7F44B /* Release */,
			);
			defaultConfigurationIsVisible = 0;
			defaultConfigurationName = Release;
		};
/* End XCConfigurationList section */
	};
	rootObject = C15989AC23EC2C4D00C7F44B /* Project object */;
}
